{
  "checksum": "5077690d9e59b715a1c8fb6225e61ff9559f8aa3a08fbe3d5a38bee5cf6a5798",
  "crates": {
    "adler 1.0.2": {
      "name": "adler",
      "version": "1.0.2",
      "repository": {
        "Http": {
          "url": "https://crates.io/api/v1/crates/adler/1.0.2/download",
          "sha256": "f26201604c87b1e01bd3d98f8d5d9a8fcbb815e8cedb41ffccbeb4bf593a35fe"
        }
      },
      "targets": [
        {
          "Library": {
            "crate_name": "adler",
            "crate_root": "src/lib.rs",
            "srcs": {
              "include": [
                "**/*.rs"
              ],
              "exclude": []
            }
          }
        }
      ],
      "library_target_name": "adler",
      "common_attrs": {
        "compile_data_glob": [
          "**"
        ],
        "edition": "2015",
        "version": "1.0.2"
      },
      "license": "0BSD OR MIT OR Apache-2.0"
    },
    "ahash 0.7.6": {
      "name": "ahash",
      "version": "0.7.6",
      "repository": {
        "Http": {
          "url": "https://crates.io/api/v1/crates/ahash/0.7.6/download",
          "sha256": "fcb51a0695d8f838b1ee009b3fbf66bda078cd64590202a864a8f3e8c4315c47"
        }
      },
      "targets": [
        {
          "Library": {
            "crate_name": "ahash",
            "crate_root": "src/lib.rs",
            "srcs": {
              "include": [
                "**/*.rs"
              ],
              "exclude": []
            }
          }
        },
        {
          "BuildScript": {
            "crate_name": "build_script_build",
            "crate_root": "build.rs",
            "srcs": {
              "include": [
                "**/*.rs"
              ],
              "exclude": []
            }
          }
        }
      ],
      "library_target_name": "ahash",
      "common_attrs": {
        "compile_data_glob": [
          "**"
        ],
        "deps": {
          "common": [
            {
              "id": "ahash 0.7.6",
              "target": "build_script_build"
            }
          ],
          "selects": {
            "cfg(any(target_os = \"linux\", target_os = \"android\", target_os = \"windows\", target_os = \"macos\", target_os = \"ios\", target_os = \"freebsd\", target_os = \"openbsd\", target_os = \"netbsd\", target_os = \"dragonfly\", target_os = \"solaris\", target_os = \"illumos\", target_os = \"fuchsia\", target_os = \"redox\", target_os = \"cloudabi\", target_os = \"haiku\", target_os = \"vxworks\", target_os = \"emscripten\", target_os = \"wasi\"))": [
              {
                "id": "getrandom 0.2.8",
                "target": "getrandom"
              }
            ],
            "cfg(not(all(target_arch = \"arm\", target_os = \"none\")))": [
              {
                "id": "once_cell 1.17.1",
                "target": "once_cell"
              }
            ]
          }
        },
        "edition": "2018",
        "version": "0.7.6"
      },
      "build_script_attrs": {
        "data_glob": [
          "**"
        ],
        "deps": {
          "common": [
            {
              "id": "version_check 0.9.4",
              "target": "version_check"
            }
          ],
          "selects": {}
        }
      },
      "license": "MIT OR Apache-2.0"
    },
    "bitflags 1.3.2": {
      "name": "bitflags",
      "version": "1.3.2",
      "repository": {
        "Http": {
          "url": "https://crates.io/api/v1/crates/bitflags/1.3.2/download",
          "sha256": "bef38d45163c2f1dde094a7dfd33ccf595c92905c8f8f4fdc18d06fb1037718a"
        }
      },
      "targets": [
        {
          "Library": {
            "crate_name": "bitflags",
            "crate_root": "src/lib.rs",
            "srcs": {
              "include": [
                "**/*.rs"
              ],
              "exclude": []
            }
          }
        }
      ],
      "library_target_name": "bitflags",
      "common_attrs": {
        "compile_data_glob": [
          "**"
        ],
        "crate_features": [
          "default"
        ],
        "edition": "2018",
        "version": "1.3.2"
      },
      "license": "MIT/Apache-2.0"
    },
    "cc 1.0.79": {
      "name": "cc",
      "version": "1.0.79",
      "repository": {
        "Http": {
          "url": "https://crates.io/api/v1/crates/cc/1.0.79/download",
          "sha256": "50d30906286121d95be3d479533b458f87493b30a4b5f79a607db8f5d11aa91f"
        }
      },
      "targets": [
        {
          "Library": {
            "crate_name": "cc",
            "crate_root": "src/lib.rs",
            "srcs": {
              "include": [
                "**/*.rs"
              ],
              "exclude": []
            }
          }
        },
        {
          "Binary": {
            "crate_name": "gcc-shim",
            "crate_root": "src/bin/gcc-shim.rs",
            "srcs": {
              "include": [
                "**/*.rs"
              ],
              "exclude": []
            }
          }
        }
      ],
      "library_target_name": "cc",
      "common_attrs": {
        "compile_data_glob": [
          "**"
        ],
        "edition": "2018",
        "version": "1.0.79"
      },
      "license": "MIT OR Apache-2.0"
    },
    "cfg-if 1.0.0": {
      "name": "cfg-if",
      "version": "1.0.0",
      "repository": {
        "Http": {
          "url": "https://crates.io/api/v1/crates/cfg-if/1.0.0/download",
          "sha256": "baf1de4339761588bc0619e3cbc0120ee582ebb74b53b4efbf79117bd2da40fd"
        }
      },
      "targets": [
        {
          "Library": {
            "crate_name": "cfg_if",
            "crate_root": "src/lib.rs",
            "srcs": {
              "include": [
                "**/*.rs"
              ],
              "exclude": []
            }
          }
        }
      ],
      "library_target_name": "cfg_if",
      "common_attrs": {
        "compile_data_glob": [
          "**"
        ],
        "edition": "2018",
        "version": "1.0.0"
      },
      "license": "MIT/Apache-2.0"
    },
    "crc32fast 1.3.2": {
      "name": "crc32fast",
      "version": "1.3.2",
      "repository": {
        "Http": {
          "url": "https://crates.io/api/v1/crates/crc32fast/1.3.2/download",
          "sha256": "b540bd8bc810d3885c6ea91e2018302f68baba2129ab3e88f32389ee9370880d"
        }
      },
      "targets": [
        {
          "Library": {
            "crate_name": "crc32fast",
            "crate_root": "src/lib.rs",
            "srcs": {
              "include": [
                "**/*.rs"
              ],
              "exclude": []
            }
          }
        },
        {
          "BuildScript": {
            "crate_name": "build_script_build",
            "crate_root": "build.rs",
            "srcs": {
              "include": [
                "**/*.rs"
              ],
              "exclude": []
            }
          }
        }
      ],
      "library_target_name": "crc32fast",
      "common_attrs": {
        "compile_data_glob": [
          "**"
        ],
        "crate_features": [
          "default",
          "std"
        ],
        "deps": {
          "common": [
            {
              "id": "cfg-if 1.0.0",
              "target": "cfg_if"
            },
            {
              "id": "crc32fast 1.3.2",
              "target": "build_script_build"
            }
          ],
          "selects": {}
        },
        "edition": "2015",
        "version": "1.3.2"
      },
      "build_script_attrs": {
        "data_glob": [
          "**"
        ]
      },
      "license": "MIT OR Apache-2.0"
    },
    "dblp-rs 0.1.0": {
      "name": "dblp-rs",
      "version": "0.1.0",
      "repository": null,
      "targets": [
        {
          "Library": {
            "crate_name": "dblp_rs",
            "crate_root": "src/lib.rs",
            "srcs": {
              "include": [
                "**/*.rs"
              ],
              "exclude": []
            }
          }
        },
        {
          "Binary": {
            "crate_name": "xmlparse",
            "crate_root": "src/bin/xmlparse.rs",
            "srcs": {
              "include": [
                "**/*.rs"
              ],
              "exclude": []
            }
          }
        },
        {
          "Binary": {
            "crate_name": "recordinsert",
            "crate_root": "src/bin/recordinsert.rs",
            "srcs": {
              "include": [
                "**/*.rs"
              ],
              "exclude": []
            }
          }
        },
        {
          "Binary": {
            "crate_name": "dblp",
            "crate_root": "src/bin/dblp.rs",
            "srcs": {
              "include": [
                "**/*.rs"
              ],
              "exclude": []
            }
          }
        },
        {
          "Binary": {
            "crate_name": "recordparse",
            "crate_root": "src/bin/recordparse.rs",
            "srcs": {
              "include": [
                "**/*.rs"
              ],
              "exclude": []
            }
          }
        },
        {
          "Binary": {
            "crate_name": "gzipread",
            "crate_root": "src/bin/gzipread.rs",
            "srcs": {
              "include": [
                "**/*.rs"
              ],
              "exclude": []
            }
          }
        },
        {
          "Binary": {
            "crate_name": "quickxmlparse",
            "crate_root": "src/bin/quickxmlparse.rs",
            "srcs": {
              "include": [
                "**/*.rs"
              ],
              "exclude": []
            }
          }
        }
      ],
      "library_target_name": "dblp_rs",
      "common_attrs": {
        "compile_data_glob": [
          "**"
        ],
        "deps": {
          "common": [
            {
              "id": "flate2 1.0.25",
              "target": "flate2"
            },
            {
              "id": "quick-xml 0.27.1",
              "target": "quick_xml"
            },
            {
              "id": "rusqlite 0.28.0",
              "target": "rusqlite"
            },
            {
              "id": "xml-rs 0.8.4",
              "target": "xml"
            }
          ],
          "selects": {}
        },
        "edition": "2021",
        "version": "0.1.0"
      },
      "license": null
    },
    "fallible-iterator 0.2.0": {
      "name": "fallible-iterator",
      "version": "0.2.0",
      "repository": {
        "Http": {
          "url": "https://crates.io/api/v1/crates/fallible-iterator/0.2.0/download",
          "sha256": "4443176a9f2c162692bd3d352d745ef9413eec5782a80d8fd6f8a1ac692a07f7"
        }
      },
      "targets": [
        {
          "Library": {
            "crate_name": "fallible_iterator",
            "crate_root": "src/lib.rs",
            "srcs": {
              "include": [
                "**/*.rs"
              ],
              "exclude": []
            }
          }
        }
      ],
      "library_target_name": "fallible_iterator",
      "common_attrs": {
        "compile_data_glob": [
          "**"
        ],
        "crate_features": [
          "default",
          "std"
        ],
        "edition": "2018",
        "version": "0.2.0"
      },
      "license": "MIT/Apache-2.0"
    },
    "fallible-streaming-iterator 0.1.9": {
      "name": "fallible-streaming-iterator",
      "version": "0.1.9",
      "repository": {
        "Http": {
          "url": "https://crates.io/api/v1/crates/fallible-streaming-iterator/0.1.9/download",
          "sha256": "7360491ce676a36bf9bb3c56c1aa791658183a54d2744120f27285738d90465a"
        }
      },
      "targets": [
        {
          "Library": {
            "crate_name": "fallible_streaming_iterator",
            "crate_root": "src/lib.rs",
            "srcs": {
              "include": [
                "**/*.rs"
              ],
              "exclude": []
            }
          }
        }
      ],
      "library_target_name": "fallible_streaming_iterator",
      "common_attrs": {
        "compile_data_glob": [
          "**"
        ],
        "edition": "2015",
        "version": "0.1.9"
      },
      "license": "MIT/Apache-2.0"
    },
    "flate2 1.0.25": {
      "name": "flate2",
      "version": "1.0.25",
      "repository": {
        "Http": {
          "url": "https://crates.io/api/v1/crates/flate2/1.0.25/download",
          "sha256": "a8a2db397cb1c8772f31494cb8917e48cd1e64f0fa7efac59fbd741a0a8ce841"
        }
      },
      "targets": [
        {
          "Library": {
            "crate_name": "flate2",
            "crate_root": "src/lib.rs",
            "srcs": {
              "include": [
                "**/*.rs"
              ],
              "exclude": []
            }
          }
        }
      ],
      "library_target_name": "flate2",
      "common_attrs": {
        "compile_data_glob": [
          "**"
        ],
        "crate_features": [
          "default",
          "miniz_oxide",
          "rust_backend"
        ],
        "deps": {
          "common": [
            {
              "id": "crc32fast 1.3.2",
              "target": "crc32fast"
            },
            {
              "id": "miniz_oxide 0.6.2",
              "target": "miniz_oxide"
            }
          ],
          "selects": {
            "cfg(all(target_arch = \"wasm32\", not(target_os = \"emscripten\")))": [
              {
                "id": "miniz_oxide 0.6.2",
                "target": "miniz_oxide"
              }
            ]
          }
        },
        "edition": "2018",
        "version": "1.0.25"
      },
      "license": "MIT OR Apache-2.0"
    },
    "getrandom 0.2.8": {
      "name": "getrandom",
      "version": "0.2.8",
      "repository": {
        "Http": {
          "url": "https://crates.io/api/v1/crates/getrandom/0.2.8/download",
          "sha256": "c05aeb6a22b8f62540c194aac980f2115af067bfe15a0734d7277a768d396b31"
        }
      },
      "targets": [
        {
          "Library": {
            "crate_name": "getrandom",
            "crate_root": "src/lib.rs",
            "srcs": {
              "include": [
                "**/*.rs"
              ],
              "exclude": []
            }
          }
        }
      ],
      "library_target_name": "getrandom",
      "common_attrs": {
        "compile_data_glob": [
          "**"
        ],
        "deps": {
          "common": [
            {
              "id": "cfg-if 1.0.0",
              "target": "cfg_if"
            }
          ],
          "selects": {
            "cfg(target_os = \"wasi\")": [
              {
                "id": "wasi 0.11.0+wasi-snapshot-preview1",
                "target": "wasi"
              }
            ],
            "cfg(unix)": [
              {
                "id": "libc 0.2.140",
                "target": "libc"
              }
            ]
          }
        },
        "edition": "2018",
        "version": "0.2.8"
      },
      "license": "MIT OR Apache-2.0"
    },
    "hashbrown 0.12.3": {
      "name": "hashbrown",
      "version": "0.12.3",
      "repository": {
        "Http": {
          "url": "https://crates.io/api/v1/crates/hashbrown/0.12.3/download",
          "sha256": "8a9ee70c43aaf417c914396645a0fa852624801b24ebb7ae78fe8272889ac888"
        }
      },
      "targets": [
        {
          "Library": {
            "crate_name": "hashbrown",
            "crate_root": "src/lib.rs",
            "srcs": {
              "include": [
                "**/*.rs"
              ],
              "exclude": []
            }
          }
        }
      ],
      "library_target_name": "hashbrown",
      "common_attrs": {
        "compile_data_glob": [
          "**"
        ],
        "crate_features": [
          "ahash",
          "default",
          "inline-more"
        ],
        "deps": {
          "common": [
            {
              "id": "ahash 0.7.6",
              "target": "ahash"
            }
          ],
          "selects": {}
        },
        "edition": "2021",
        "version": "0.12.3"
      },
      "license": "MIT OR Apache-2.0"
    },
    "hashlink 0.8.1": {
      "name": "hashlink",
      "version": "0.8.1",
      "repository": {
        "Http": {
          "url": "https://crates.io/api/v1/crates/hashlink/0.8.1/download",
          "sha256": "69fe1fcf8b4278d860ad0548329f892a3631fb63f82574df68275f34cdbe0ffa"
        }
      },
      "targets": [
        {
          "Library": {
            "crate_name": "hashlink",
            "crate_root": "src/lib.rs",
            "srcs": {
              "include": [
                "**/*.rs"
              ],
              "exclude": []
            }
          }
        }
      ],
      "library_target_name": "hashlink",
      "common_attrs": {
        "compile_data_glob": [
          "**"
        ],
        "deps": {
          "common": [
            {
              "id": "hashbrown 0.12.3",
              "target": "hashbrown"
            }
          ],
          "selects": {}
        },
        "edition": "2018",
        "version": "0.8.1"
      },
      "license": "MIT OR Apache-2.0"
    },
    "libc 0.2.140": {
      "name": "libc",
      "version": "0.2.140",
      "repository": {
        "Http": {
          "url": "https://crates.io/api/v1/crates/libc/0.2.140/download",
          "sha256": "99227334921fae1a979cf0bfdfcc6b3e5ce376ef57e16fb6fb3ea2ed6095f80c"
        }
      },
      "targets": [
        {
          "Library": {
            "crate_name": "libc",
            "crate_root": "src/lib.rs",
            "srcs": {
              "include": [
                "**/*.rs"
              ],
              "exclude": []
            }
          }
        },
        {
          "BuildScript": {
            "crate_name": "build_script_build",
            "crate_root": "build.rs",
            "srcs": {
              "include": [
                "**/*.rs"
              ],
              "exclude": []
            }
          }
        }
      ],
      "library_target_name": "libc",
      "common_attrs": {
        "compile_data_glob": [
          "**"
        ],
        "deps": {
          "common": [
            {
              "id": "libc 0.2.140",
              "target": "build_script_build"
            }
          ],
          "selects": {}
        },
        "edition": "2015",
        "version": "0.2.140"
      },
      "build_script_attrs": {
        "data_glob": [
          "**"
        ]
      },
      "license": "MIT OR Apache-2.0"
    },
    "libsqlite3-sys 0.25.2": {
      "name": "libsqlite3-sys",
      "version": "0.25.2",
      "repository": {
        "Http": {
          "url": "https://crates.io/api/v1/crates/libsqlite3-sys/0.25.2/download",
          "sha256": "29f835d03d717946d28b1d1ed632eb6f0e24a299388ee623d0c23118d3e8a7fa"
        }
      },
      "targets": [
        {
          "Library": {
            "crate_name": "libsqlite3_sys",
            "crate_root": "src/lib.rs",
            "srcs": {
              "include": [
                "**/*.rs"
              ],
              "exclude": []
            }
          }
        },
        {
          "BuildScript": {
            "crate_name": "build_script_build",
            "crate_root": "build.rs",
            "srcs": {
              "include": [
                "**/*.rs"
              ],
              "exclude": []
            }
          }
        }
      ],
      "library_target_name": "libsqlite3_sys",
      "common_attrs": {
        "compile_data_glob": [
          "**"
        ],
        "crate_features": [
          "bundled",
          "bundled_bindings",
          "cc",
          "default",
          "min_sqlite_version_3_6_8",
          "pkg-config",
          "vcpkg"
        ],
        "deps": {
          "common": [
            {
              "id": "libsqlite3-sys 0.25.2",
              "target": "build_script_build"
            }
          ],
          "selects": {}
        },
        "edition": "2018",
        "version": "0.25.2"
      },
      "build_script_attrs": {
        "data_glob": [
          "**"
        ],
        "deps": {
          "common": [
            {
              "id": "cc 1.0.79",
              "target": "cc"
            },
            {
              "id": "pkg-config 0.3.26",
              "target": "pkg_config"
            },
            {
              "id": "vcpkg 0.2.15",
              "target": "vcpkg"
            }
          ],
          "selects": {}
        },
        "links": "sqlite3"
      },
      "license": "MIT"
    },
    "memchr 2.5.0": {
      "name": "memchr",
      "version": "2.5.0",
      "repository": {
        "Http": {
          "url": "https://crates.io/api/v1/crates/memchr/2.5.0/download",
          "sha256": "2dffe52ecf27772e601905b7522cb4ef790d2cc203488bbd0e2fe85fcb74566d"
        }
      },
      "targets": [
        {
          "Library": {
            "crate_name": "memchr",
            "crate_root": "src/lib.rs",
            "srcs": {
              "include": [
                "**/*.rs"
              ],
              "exclude": []
            }
          }
        },
        {
          "BuildScript": {
            "crate_name": "build_script_build",
            "crate_root": "build.rs",
            "srcs": {
              "include": [
                "**/*.rs"
              ],
              "exclude": []
            }
          }
        }
      ],
      "library_target_name": "memchr",
      "common_attrs": {
        "compile_data_glob": [
          "**"
        ],
        "crate_features": [
          "default",
          "std"
        ],
        "deps": {
          "common": [
            {
              "id": "memchr 2.5.0",
              "target": "build_script_build"
            }
          ],
          "selects": {}
        },
        "edition": "2018",
        "version": "2.5.0"
      },
      "build_script_attrs": {
        "data_glob": [
          "**"
        ]
      },
      "license": "Unlicense/MIT"
    },
    "miniz_oxide 0.6.2": {
      "name": "miniz_oxide",
      "version": "0.6.2",
      "repository": {
        "Http": {
          "url": "https://crates.io/api/v1/crates/miniz_oxide/0.6.2/download",
          "sha256": "b275950c28b37e794e8c55d88aeb5e139d0ce23fdbbeda68f8d7174abdf9e8fa"
        }
      },
      "targets": [
        {
          "Library": {
            "crate_name": "miniz_oxide",
            "crate_root": "src/lib.rs",
            "srcs": {
              "include": [
                "**/*.rs"
              ],
              "exclude": []
            }
          }
        }
      ],
      "library_target_name": "miniz_oxide",
      "common_attrs": {
        "compile_data_glob": [
          "**"
        ],
        "crate_features": [
          "with-alloc"
        ],
        "deps": {
          "common": [
            {
              "id": "adler 1.0.2",
              "target": "adler"
            }
          ],
          "selects": {}
        },
        "edition": "2018",
        "version": "0.6.2"
      },
      "license": "MIT OR Zlib OR Apache-2.0"
    },
    "once_cell 1.17.1": {
      "name": "once_cell",
      "version": "1.17.1",
      "repository": {
        "Http": {
          "url": "https://crates.io/api/v1/crates/once_cell/1.17.1/download",
          "sha256": "b7e5500299e16ebb147ae15a00a942af264cf3688f47923b8fc2cd5858f23ad3"
        }
      },
      "targets": [
        {
          "Library": {
            "crate_name": "once_cell",
            "crate_root": "src/lib.rs",
            "srcs": {
              "include": [
                "**/*.rs"
              ],
              "exclude": []
            }
          }
        }
      ],
      "library_target_name": "once_cell",
      "common_attrs": {
        "compile_data_glob": [
          "**"
        ],
        "crate_features": [
          "alloc",
          "race"
        ],
        "edition": "2021",
        "version": "1.17.1"
      },
      "license": "MIT OR Apache-2.0"
    },
    "pkg-config 0.3.26": {
      "name": "pkg-config",
      "version": "0.3.26",
      "repository": {
        "Http": {
          "url": "https://crates.io/api/v1/crates/pkg-config/0.3.26/download",
          "sha256": "6ac9a59f73473f1b8d852421e59e64809f025994837ef743615c6d0c5b305160"
        }
      },
      "targets": [
        {
          "Library": {
            "crate_name": "pkg_config",
            "crate_root": "src/lib.rs",
            "srcs": {
              "include": [
                "**/*.rs"
              ],
              "exclude": []
            }
          }
        }
      ],
      "library_target_name": "pkg_config",
      "common_attrs": {
        "compile_data_glob": [
          "**"
        ],
        "edition": "2015",
        "version": "0.3.26"
      },
      "license": "MIT OR Apache-2.0"
    },
    "quick-xml 0.27.1": {
      "name": "quick-xml",
      "version": "0.27.1",
      "repository": {
        "Http": {
          "url": "https://crates.io/api/v1/crates/quick-xml/0.27.1/download",
          "sha256": "ffc053f057dd768a56f62cd7e434c42c831d296968997e9ac1f76ea7c2d14c41"
        }
      },
      "targets": [
        {
          "Library": {
            "crate_name": "quick_xml",
            "crate_root": "src/lib.rs",
            "srcs": {
              "include": [
                "**/*.rs"
              ],
              "exclude": []
            }
          }
        }
      ],
      "library_target_name": "quick_xml",
      "common_attrs": {
        "compile_data_glob": [
          "**"
        ],
        "crate_features": [
          "default"
        ],
        "deps": {
          "common": [
            {
              "id": "memchr 2.5.0",
              "target": "memchr"
            }
          ],
          "selects": {}
        },
        "edition": "2018",
        "version": "0.27.1"
      },
      "license": "MIT"
    },
    "rusqlite 0.28.0": {
      "name": "rusqlite",
      "version": "0.28.0",
      "repository": {
        "Http": {
          "url": "https://crates.io/api/v1/crates/rusqlite/0.28.0/download",
          "sha256": "01e213bc3ecb39ac32e81e51ebe31fd888a940515173e3a18a35f8c6e896422a"
        }
      },
      "targets": [
        {
          "Library": {
            "crate_name": "rusqlite",
            "crate_root": "src/lib.rs",
            "srcs": {
              "include": [
                "**/*.rs"
              ],
              "exclude": []
            }
          }
        }
      ],
      "library_target_name": "rusqlite",
      "common_attrs": {
        "compile_data_glob": [
          "**"
        ],
        "crate_features": [
          "bundled",
          "modern_sqlite"
        ],
        "deps": {
          "common": [
            {
              "id": "bitflags 1.3.2",
              "target": "bitflags"
            },
            {
              "id": "fallible-iterator 0.2.0",
              "target": "fallible_iterator"
            },
            {
              "id": "fallible-streaming-iterator 0.1.9",
              "target": "fallible_streaming_iterator"
            },
            {
              "id": "hashlink 0.8.1",
              "target": "hashlink"
            },
            {
              "id": "libsqlite3-sys 0.25.2",
              "target": "libsqlite3_sys"
            },
            {
              "id": "smallvec 1.10.0",
              "target": "smallvec"
            }
          ],
          "selects": {}
        },
        "edition": "2018",
        "version": "0.28.0"
      },
      "license": "MIT"
    },
    "smallvec 1.10.0": {
      "name": "smallvec",
      "version": "1.10.0",
      "repository": {
        "Http": {
          "url": "https://crates.io/api/v1/crates/smallvec/1.10.0/download",
          "sha256": "a507befe795404456341dfab10cef66ead4c041f62b8b11bbb92bffe5d0953e0"
        }
      },
      "targets": [
        {
          "Library": {
            "crate_name": "smallvec",
            "crate_root": "src/lib.rs",
            "srcs": {
              "include": [
                "**/*.rs"
              ],
              "exclude": []
            }
          }
        }
      ],
      "library_target_name": "smallvec",
      "common_attrs": {
        "compile_data_glob": [
          "**"
        ],
        "edition": "2018",
        "version": "1.10.0"
      },
      "license": "MIT OR Apache-2.0"
    },
    "vcpkg 0.2.15": {
      "name": "vcpkg",
      "version": "0.2.15",
      "repository": {
        "Http": {
          "url": "https://crates.io/api/v1/crates/vcpkg/0.2.15/download",
          "sha256": "accd4ea62f7bb7a82fe23066fb0957d48ef677f6eeb8215f372f52e48bb32426"
        }
      },
      "targets": [
        {
          "Library": {
            "crate_name": "vcpkg",
            "crate_root": "src/lib.rs",
            "srcs": {
              "include": [
                "**/*.rs"
              ],
              "exclude": []
            }
          }
        }
      ],
      "library_target_name": "vcpkg",
      "common_attrs": {
        "compile_data_glob": [
          "**"
        ],
        "edition": "2015",
        "version": "0.2.15"
      },
      "license": "MIT/Apache-2.0"
    },
    "version_check 0.9.4": {
      "name": "version_check",
      "version": "0.9.4",
      "repository": {
        "Http": {
          "url": "https://crates.io/api/v1/crates/version_check/0.9.4/download",
          "sha256": "49874b5167b65d7193b8aba1567f5c7d93d001cafc34600cee003eda787e483f"
        }
      },
      "targets": [
        {
          "Library": {
            "crate_name": "version_check",
            "crate_root": "src/lib.rs",
            "srcs": {
              "include": [
                "**/*.rs"
              ],
              "exclude": []
            }
          }
        }
      ],
      "library_target_name": "version_check",
      "common_attrs": {
        "compile_data_glob": [
          "**"
        ],
        "edition": "2015",
        "version": "0.9.4"
      },
      "license": "MIT/Apache-2.0"
    },
    "wasi 0.11.0+wasi-snapshot-preview1": {
      "name": "wasi",
      "version": "0.11.0+wasi-snapshot-preview1",
      "repository": {
        "Http": {
          "url": "https://crates.io/api/v1/crates/wasi/0.11.0+wasi-snapshot-preview1/download",
          "sha256": "9c8d87e72b64a3b4db28d11ce29237c246188f4f51057d65a7eab63b7987e423"
        }
      },
      "targets": [
        {
          "Library": {
            "crate_name": "wasi",
            "crate_root": "src/lib.rs",
            "srcs": {
              "include": [
                "**/*.rs"
              ],
              "exclude": []
            }
          }
        }
      ],
      "library_target_name": "wasi",
      "common_attrs": {
        "compile_data_glob": [
          "**"
        ],
        "crate_features": [
          "default",
          "std"
        ],
        "edition": "2018",
        "version": "0.11.0+wasi-snapshot-preview1"
      },
      "license": "Apache-2.0 WITH LLVM-exception OR Apache-2.0 OR MIT"
    },
    "xml-rs 0.8.4": {
      "name": "xml-rs",
      "version": "0.8.4",
      "repository": {
        "Http": {
          "url": "https://crates.io/api/v1/crates/xml-rs/0.8.4/download",
          "sha256": "d2d7d3948613f75c98fd9328cfdcc45acc4d360655289d0a7d4ec931392200a3"
        }
      },
      "targets": [
        {
          "Library": {
            "crate_name": "xml",
            "crate_root": "src/lib.rs",
            "srcs": {
              "include": [
                "**/*.rs"
              ],
              "exclude": []
            }
          }
        },
        {
          "Binary": {
            "crate_name": "xml-analyze",
            "crate_root": "src/analyze.rs",
            "srcs": {
              "include": [
                "**/*.rs"
              ],
              "exclude": []
            }
          }
        }
      ],
      "library_target_name": "xml",
      "common_attrs": {
        "compile_data_glob": [
          "**"
        ],
        "edition": "2015",
        "version": "0.8.4"
      },
      "license": "MIT"
    }
  },
  "binary_crates": [
    "cc 1.0.79",
    "xml-rs 0.8.4"
  ],
  "workspace_members": {
    "dblp-rs 0.1.0": "experiments/dblp/dblp-rs"
  },
  "conditions": {
    "cfg(all(target_arch = \"wasm32\", not(target_os = \"emscripten\")))": [
      "wasm32-unknown-unknown",
      "wasm32-wasi"
    ],
    "cfg(any(target_os = \"linux\", target_os = \"android\", target_os = \"windows\", target_os = \"macos\", target_os = \"ios\", target_os = \"freebsd\", target_os = \"openbsd\", target_os = \"netbsd\", target_os = \"dragonfly\", target_os = \"solaris\", target_os = \"illumos\", target_os = \"fuchsia\", target_os = \"redox\", target_os = \"cloudabi\", target_os = \"haiku\", target_os = \"vxworks\", target_os = \"emscripten\", target_os = \"wasi\"))": [
      "aarch64-apple-darwin",
      "aarch64-apple-ios",
      "aarch64-apple-ios-sim",
      "aarch64-linux-android",
      "aarch64-pc-windows-msvc",
      "aarch64-unknown-linux-gnu",
      "arm-unknown-linux-gnueabi",
      "armv7-linux-androideabi",
      "armv7-unknown-linux-gnueabi",
      "i686-apple-darwin",
      "i686-linux-android",
      "i686-pc-windows-msvc",
      "i686-unknown-freebsd",
      "i686-unknown-linux-gnu",
      "powerpc-unknown-linux-gnu",
      "s390x-unknown-linux-gnu",
      "wasm32-wasi",
      "x86_64-apple-darwin",
      "x86_64-apple-ios",
      "x86_64-linux-android",
      "x86_64-pc-windows-msvc",
      "x86_64-unknown-freebsd",
      "x86_64-unknown-linux-gnu"
    ],
    "cfg(not(all(target_arch = \"arm\", target_os = \"none\")))": [
      "aarch64-apple-darwin",
      "aarch64-apple-ios",
      "aarch64-apple-ios-sim",
      "aarch64-linux-android",
      "aarch64-pc-windows-msvc",
      "aarch64-unknown-linux-gnu",
      "arm-unknown-linux-gnueabi",
      "armv7-linux-androideabi",
      "armv7-unknown-linux-gnueabi",
      "i686-apple-darwin",
      "i686-linux-android",
      "i686-pc-windows-msvc",
      "i686-unknown-freebsd",
      "i686-unknown-linux-gnu",
      "powerpc-unknown-linux-gnu",
      "riscv32imc-unknown-none-elf",
      "riscv64gc-unknown-none-elf",
      "s390x-unknown-linux-gnu",
      "wasm32-unknown-unknown",
      "wasm32-wasi",
      "x86_64-apple-darwin",
      "x86_64-apple-ios",
      "x86_64-linux-android",
      "x86_64-pc-windows-msvc",
      "x86_64-unknown-freebsd",
      "x86_64-unknown-linux-gnu"
    ],
    "cfg(target_os = \"wasi\")": [
      "wasm32-wasi"
    ],
    "cfg(unix)": [
      "aarch64-apple-darwin",
      "aarch64-apple-ios",
      "aarch64-apple-ios-sim",
      "aarch64-linux-android",
      "aarch64-unknown-linux-gnu",
      "arm-unknown-linux-gnueabi",
      "armv7-linux-androideabi",
      "armv7-unknown-linux-gnueabi",
      "i686-apple-darwin",
      "i686-linux-android",
      "i686-unknown-freebsd",
      "i686-unknown-linux-gnu",
      "powerpc-unknown-linux-gnu",
      "s390x-unknown-linux-gnu",
      "x86_64-apple-darwin",
      "x86_64-apple-ios",
      "x86_64-linux-android",
      "x86_64-unknown-freebsd",
      "x86_64-unknown-linux-gnu"
    ]
  }
}
